<?xml version="1.0" encoding="utf-8"?>
<Project ToolsVersion="4.0" xmlns="http://schemas.microsoft.com/developer/msbuild/2003">
  <ItemGroup>
    <Filter Include="Headers">
      <UniqueIdentifier>{5ee56211-a47e-4e05-93b4-e81284a8602d}</UniqueIdentifier>
    </Filter>
    <Filter Include="Source">
      <UniqueIdentifier>{2634a9d3-b38c-478b-8c54-9aec28df4f95}</UniqueIdentifier>
    </Filter>
  </ItemGroup>
  <ItemGroup>
    <ClCompile Include="..\src\WebGLRenderingContext.cpp">
      <Filter>Source</Filter>
    </ClCompile>
    <ClCompile Include="..\src\WebGLRenderingContextConstants.cpp">
      <Filter>Source</Filter>
    </ClCompile>
    <ClCompile Include="..\src\main.cpp">
      <Filter>Source</Filter>
    </ClCompile>
    <ClCompile Include="..\src\v8_utils.cpp">
      <Filter>Source</Filter>
    </ClCompile>
    <ClCompile Include="..\src\V8Manager.cpp">
      <Filter>Source</Filter>
    </ClCompile>
    <ClCompile Include="..\src\v8_binding_console.cpp">
      <Filter>Source</Filter>
    </ClCompile>
  </ItemGroup>
  <ItemGroup>
    <ClInclude Include="..\include\WebGLRenderingContextConstants.h">
      <Filter>Headers</Filter>
    </ClInclude>
    <ClInclude Include="..\include\WebGLRenderingContext.h">
      <Filter>Headers</Filter>
    </ClInclude>
    <ClInclude Include="..\include\v8_utils.h">
      <Filter>Headers</Filter>
    </ClInclude>
    <ClInclude Include="..\include\V8Manager.h">
      <Filter>Headers</Filter>
    </ClInclude>
    <ClInclude Include="..\include\v8_bindings.h">
      <Filter>Headers</Filter>
    </ClInclude>
  </ItemGroup>
  <ItemGroup>
    <None Include="x64\Debug\index.js">
      <Filter>Source</Filter>
    </None>
  </ItemGroup>
</Project>